// !$*UTF8*$!
{
	archiveVersion = 1;
	classes = {
	};
	objectVersion = 55;
	objects = {

/* Begin PBXBuildFile section */
		717EBBA22872E134005364CF /* SwitftUI_Tutorial_Pinch_GestureApp.swift in Sources */ = {isa = PBXBuildFile; fileRef = 717EBB922872E131005364CF /* SwitftUI_Tutorial_Pinch_GestureApp.swift */; };
		717EBBA32872E134005364CF /* SwitftUI_Tutorial_Pinch_GestureApp.swift in Sources */ = {isa = PBXBuildFile; fileRef = 717EBB922872E131005364CF /* SwitftUI_Tutorial_Pinch_GestureApp.swift */; };
		717EBBA42872E134005364CF /* ContentView.swift in Sources */ = {isa = PBXBuildFile; fileRef = 717EBB932872E131005364CF /* ContentView.swift */; };
		717EBBA52872E134005364CF /* ContentView.swift in Sources */ = {isa = PBXBuildFile; fileRef = 717EBB932872E131005364CF /* ContentView.swift */; };
		717EBBA62872E134005364CF /* Assets.xcassets in Resources */ = {isa = PBXBuildFile; fileRef = 717EBB942872E134005364CF /* Assets.xcassets */; };
		717EBBA72872E134005364CF /* Assets.xcassets in Resources */ = {isa = PBXBuildFile; fileRef = 717EBB942872E134005364CF /* Assets.xcassets */; };
		717EBBB52872EA3C005364CF /* InfoPanelView.swift in Sources */ = {isa = PBXBuildFile; fileRef = 717EBBB42872EA3C005364CF /* InfoPanelView.swift */; };
		71CF277328787968008B155A /* PageModel.swift in Sources */ = {isa = PBXBuildFile; fileRef = 71CF277228787968008B155A /* PageModel.swift */; };
		71CF277528789DDA008B155A /* PageData.swift in Sources */ = {isa = PBXBuildFile; fileRef = 71CF277428789DDA008B155A /* PageData.swift */; };
		71D966382873E5C2006A931C /* ControlImageView.swift in Sources */ = {isa = PBXBuildFile; fileRef = 71D966372873E5C2006A931C /* ControlImageView.swift */; };
/* End PBXBuildFile section */

/* Begin PBXFileReference section */
		717EBB922872E131005364CF /* SwitftUI_Tutorial_Pinch_GestureApp.swift */ = {isa = PBXFileReference; lastKnownFileType = sourcecode.swift; path = SwitftUI_Tutorial_Pinch_GestureApp.swift; sourceTree = "<group>"; };
		717EBB932872E131005364CF /* ContentView.swift */ = {isa = PBXFileReference; lastKnownFileType = sourcecode.swift; path = ContentView.swift; sourceTree = "<group>"; };
		717EBB942872E134005364CF /* Assets.xcassets */ = {isa = PBXFileReference; lastKnownFileType = folder.assetcatalog; path = Assets.xcassets; sourceTree = "<group>"; };
		717EBB992872E134005364CF /* SwitftUI Tutorial Pinch Gesture.app */ = {isa = PBXFileReference; explicitFileType = wrapper.application; includeInIndex = 0; path = "SwitftUI Tutorial Pinch Gesture.app"; sourceTree = BUILT_PRODUCTS_DIR; };
		717EBB9F2872E134005364CF /* SwitftUI Tutorial Pinch Gesture.app */ = {isa = PBXFileReference; explicitFileType = wrapper.application; includeInIndex = 0; path = "SwitftUI Tutorial Pinch Gesture.app"; sourceTree = BUILT_PRODUCTS_DIR; };
		717EBBA12872E134005364CF /* macOS.entitlements */ = {isa = PBXFileReference; lastKnownFileType = text.plist.entitlements; path = macOS.entitlements; sourceTree = "<group>"; };
		717EBBB42872EA3C005364CF /* InfoPanelView.swift */ = {isa = PBXFileReference; lastKnownFileType = sourcecode.swift; path = InfoPanelView.swift; sourceTree = "<group>"; };
		71CF277228787968008B155A /* PageModel.swift */ = {isa = PBXFileReference; lastKnownFileType = sourcecode.swift; path = PageModel.swift; sourceTree = "<group>"; };
		71CF277428789DDA008B155A /* PageData.swift */ = {isa = PBXFileReference; lastKnownFileType = sourcecode.swift; path = PageData.swift; sourceTree = "<group>"; };
		71D966372873E5C2006A931C /* ControlImageView.swift */ = {isa = PBXFileReference; lastKnownFileType = sourcecode.swift; path = ControlImageView.swift; sourceTree = "<group>"; };
/* End PBXFileReference section */

/* Begin PBXFrameworksBuildPhase section */
		717EBB962872E134005364CF /* Frameworks */ = {
			isa = PBXFrameworksBuildPhase;
			buildActionMask = 2147483647;
			files = (
			);
			runOnlyForDeploymentPostprocessing = 0;
		};
		717EBB9C2872E134005364CF /* Frameworks */ = {
			isa = PBXFrameworksBuildPhase;
			buildActionMask = 2147483647;
			files = (
			);
			runOnlyForDeploymentPostprocessing = 0;
		};
/* End PBXFrameworksBuildPhase section */

/* Begin PBXGroup section */
		717EBB8C2872E131005364CF = {
			isa = PBXGroup;
			children = (
				717EBB912872E131005364CF /* Shared */,
				717EBBA02872E134005364CF /* macOS */,
				717EBB9A2872E134005364CF /* Products */,
			);
			sourceTree = "<group>";
		};
		717EBB912872E131005364CF /* Shared */ = {
			isa = PBXGroup;
			children = (
				717EBBB32872E32B005364CF /* Data */,
				717EBBB22872E31E005364CF /* Model */,
				717EBBB12872E30F005364CF /* Views */,
				717EBB922872E131005364CF /* SwitftUI_Tutorial_Pinch_GestureApp.swift */,
				717EBBB02872E2FB005364CF /* Screens */,
				717EBB942872E134005364CF /* Assets.xcassets */,
			);
			path = Shared;
			sourceTree = "<group>";
		};
		717EBB9A2872E134005364CF /* Products */ = {
			isa = PBXGroup;
			children = (
				717EBB992872E134005364CF /* SwitftUI Tutorial Pinch Gesture.app */,
				717EBB9F2872E134005364CF /* SwitftUI Tutorial Pinch Gesture.app */,
			);
			name = Products;
			sourceTree = "<group>";
		};
		717EBBA02872E134005364CF /* macOS */ = {
			isa = PBXGroup;
			children = (
				717EBBA12872E134005364CF /* macOS.entitlements */,
			);
			path = macOS;
			sourceTree = "<group>";
		};
		717EBBB02872E2FB005364CF /* Screens */ = {
			isa = PBXGroup;
			children = (
				717EBB932872E131005364CF /* ContentView.swift */,
			);
			path = Screens;
			sourceTree = "<group>";
		};
		717EBBB12872E30F005364CF /* Views */ = {
			isa = PBXGroup;
			children = (
				717EBBB42872EA3C005364CF /* InfoPanelView.swift */,
				71D966372873E5C2006A931C /* ControlImageView.swift */,
			);
			path = Views;
			sourceTree = "<group>";
		};
		717EBBB22872E31E005364CF /* Model */ = {
			isa = PBXGroup;
			children = (
				71CF277228787968008B155A /* PageModel.swift */,
			);
			path = Model;
			sourceTree = "<group>";
		};
		717EBBB32872E32B005364CF /* Data */ = {
			isa = PBXGroup;
			children = (
				71CF277428789DDA008B155A /* PageData.swift */,
			);
			path = Data;
			sourceTree = "<group>";
		};
/* End PBXGroup section */

/* Begin PBXNativeTarget section */
		717EBB982872E134005364CF /* SwitftUI Tutorial Pinch Gesture (iOS) */ = {
			isa = PBXNativeTarget;
			buildConfigurationList = 717EBBAA2872E134005364CF /* Build configuration list for PBXNativeTarget "SwitftUI Tutorial Pinch Gesture (iOS)" */;
			buildPhases = (
				717EBB952872E134005364CF /* Sources */,
				717EBB962872E134005364CF /* Frameworks */,
				717EBB972872E134005364CF /* Resources */,
			);
			buildRules = (
			);
			dependencies = (
			);
			name = "SwitftUI Tutorial Pinch Gesture (iOS)";
			productName = "SwitftUI Tutorial Pinch Gesture (iOS)";
			productReference = 717EBB992872E134005364CF /* SwitftUI Tutorial Pinch Gesture.app */;
			productType = "com.apple.product-type.application";
		};
		717EBB9E2872E134005364CF /* SwitftUI Tutorial Pinch Gesture (macOS) */ = {
			isa = PBXNativeTarget;
			buildConfigurationList = 717EBBAD2872E134005364CF /* Build configuration list for PBXNativeTarget "SwitftUI Tutorial Pinch Gesture (macOS)" */;
			buildPhases = (
				717EBB9B2872E134005364CF /* Sources */,
				717EBB9C2872E134005364CF /* Frameworks */,
				717EBB9D2872E134005364CF /* Resources */,
			);
			buildRules = (
			);
			dependencies = (
			);
			name = "SwitftUI Tutorial Pinch Gesture (macOS)";
			productName = "SwitftUI Tutorial Pinch Gesture (macOS)";
			productReference = 717EBB9F2872E134005364CF /* SwitftUI Tutorial Pinch Gesture.app */;
			productType = "com.apple.product-type.application";
		};
/* End PBXNativeTarget section */

/* Begin PBXProject section */
		717EBB8D2872E131005364CF /* Project object */ = {
			isa = PBXProject;
			attributes = {
				BuildIndependentTargetsInParallel = 1;
				LastSwiftUpdateCheck = 1340;
				LastUpgradeCheck = 1340;
				TargetAttributes = {
					717EBB982872E134005364CF = {
						CreatedOnToolsVersion = 13.4.1;
					};
					717EBB9E2872E134005364CF = {
						CreatedOnToolsVersion = 13.4.1;
					};
				};
			};
			buildConfigurationList = 717EBB902872E131005364CF /* Build configuration list for PBXProject "SwitftUI Tutorial Pinch Gesture" */;
			compatibilityVersion = "Xcode 13.0";
			developmentRegion = en;
			hasScannedForEncodings = 0;
			knownRegions = (
				en,
				Base,
			);
			mainGroup = 717EBB8C2872E131005364CF;
			productRefGroup = 717EBB9A2872E134005364CF /* Products */;
			projectDirPath = "";
			projectRoot = "";
			targets = (
				717EBB982872E134005364CF /* SwitftUI Tutorial Pinch Gesture (iOS) */,
				717EBB9E2872E134005364CF /* SwitftUI Tutorial Pinch Gesture (macOS) */,
			);
		};
/* End PBXProject section */

/* Begin PBXResourcesBuildPhase section */
		717EBB972872E134005364CF /* Resources */ = {
			isa = PBXResourcesBuildPhase;
			buildActionMask = 2147483647;
			files = (
				717EBBA62872E134005364CF /* Assets.xcassets in Resources */,
			);
			runOnlyForDeploymentPostprocessing = 0;
		};
		717EBB9D2872E134005364CF /* Resources */ = {
			isa = PBXResourcesBuildPhase;
			buildActionMask = 2147483647;
			files = (
				717EBBA72872E134005364CF /* Assets.xcassets in Resources */,
			);
			runOnlyForDeploymentPostprocessing = 0;
		};
/* End PBXResourcesBuildPhase section */

/* Begin PBXSourcesBuildPhase section */
		717EBB952872E134005364CF /* Sources */ = {
			isa = PBXSourcesBuildPhase;
			buildActionMask = 2147483647;
			files = (
				71D966382873E5C2006A931C /* ControlImageView.swift in Sources */,
				71CF277328787968008B155A /* PageModel.swift in Sources */,
				717EBBA42872E134005364CF /* ContentView.swift in Sources */,
				717EBBA22872E134005364CF /* SwitftUI_Tutorial_Pinch_GestureApp.swift in Sources */,
				71CF277528789DDA008B155A /* PageData.swift in Sources */,
				717EBBB52872EA3C005364CF /* InfoPanelView.swift in Sources */,
			);
			runOnlyForDeploymentPostprocessing = 0;
		};
		717EBB9B2872E134005364CF /* Sources */ = {
			isa = PBXSourcesBuildPhase;
			buildActionMask = 2147483647;
			files = (
				717EBBA52872E134005364CF /* ContentView.swift in Sources */,
				717EBBA32872E134005364CF /* SwitftUI_Tutorial_Pinch_GestureApp.swift in Sources */,
			);
			runOnlyForDeploymentPostprocessing = 0;
		};
/* End PBXSourcesBuildPhase section */

/* Begin XCBuildConfiguration section */
		717EBBA82872E134005364CF /* Debug */ = {
			isa = XCBuildConfiguration;
			buildSettings = {
				ALWAYS_SEARCH_USER_PATHS = NO;
				CLANG_ANALYZER_NONNULL = YES;
				CLANG_ANALYZER_NUMBER_OBJECT_CONVERSION = YES_AGGRESSIVE;
				CLANG_CXX_LANGUAGE_STANDARD = "gnu++17";
				CLANG_ENABLE_MODULES = YES;
				CLANG_ENABLE_OBJC_ARC = YES;
				CLANG_ENABLE_OBJC_WEAK = YES;
				CLANG_WARN_BLOCK_CAPTURE_AUTORELEASING = YES;
				CLANG_WARN_BOOL_CONVERSION = YES;
				CLANG_WARN_COMMA = YES;
				CLANG_WARN_CONSTANT_CONVERSION = YES;
				CLANG_WARN_DEPRECATED_OBJC_IMPLEMENTATIONS = YES;
				CLANG_WARN_DIRECT_OBJC_ISA_USAGE = YES_ERROR;
				CLANG_WARN_DOCUMENTATION_COMMENTS = YES;
				CLANG_WARN_EMPTY_BODY = YES;
				CLANG_WARN_ENUM_CONVERSION = YES;
				CLANG_WARN_INFINITE_RECURSION = YES;
				CLANG_WARN_INT_CONVERSION = YES;
				CLANG_WARN_NON_LITERAL_NULL_CONVERSION = YES;
				CLANG_WARN_OBJC_IMPLICIT_RETAIN_SELF = YES;
				CLANG_WARN_OBJC_LITERAL_CONVERSION = YES;
				CLANG_WARN_OBJC_ROOT_CLASS = YES_ERROR;
				CLANG_WARN_QUOTED_INCLUDE_IN_FRAMEWORK_HEADER = YES;
				CLANG_WARN_RANGE_LOOP_ANALYSIS = YES;
				CLANG_WARN_STRICT_PROTOTYPES = YES;
				CLANG_WARN_SUSPICIOUS_MOVE = YES;
				CLANG_WARN_UNGUARDED_AVAILABILITY = YES_AGGRESSIVE;
				CLANG_WARN_UNREACHABLE_CODE = YES;
				CLANG_WARN__DUPLICATE_METHOD_MATCH = YES;
				COPY_PHASE_STRIP = NO;
				DEBUG_INFORMATION_FORMAT = dwarf;
				ENABLE_STRICT_OBJC_MSGSEND = YES;
				ENABLE_TESTABILITY = YES;
				GCC_C_LANGUAGE_STANDARD = gnu11;
				GCC_DYNAMIC_NO_PIC = NO;
				GCC_NO_COMMON_BLOCKS = YES;
				GCC_OPTIMIZATION_LEVEL = 0;
				GCC_PREPROCESSOR_DEFINITIONS = (
					"DEBUG=1",
					"$(inherited)",
				);
				GCC_WARN_64_TO_32_BIT_CONVERSION = YES;
				GCC_WARN_ABOUT_RETURN_TYPE = YES_ERROR;
				GCC_WARN_UNDECLARED_SELECTOR = YES;
				GCC_WARN_UNINITIALIZED_AUTOS = YES_AGGRESSIVE;
				GCC_WARN_UNUSED_FUNCTION = YES;
				GCC_WARN_UNUSED_VARIABLE = YES;
				MTL_ENABLE_DEBUG_INFO = INCLUDE_SOURCE;
				MTL_FAST_MATH = YES;
				ONLY_ACTIVE_ARCH = YES;
				SWIFT_ACTIVE_COMPILATION_CONDITIONS = DEBUG;
				SWIFT_OPTIMIZATION_LEVEL = "-Onone";
			};
			name = Debug;
		};
		717EBBA92872E134005364CF /* Release */ = {
			isa = XCBuildConfiguration;
			buildSettings = {
				ALWAYS_SEARCH_USER_PATHS = NO;
				CLANG_ANALYZER_NONNULL = YES;
				CLANG_ANALYZER_NUMBER_OBJECT_CONVERSION = YES_AGGRESSIVE;
				CLANG_CXX_LANGUAGE_STANDARD = "gnu++17";
				CLANG_ENABLE_MODULES = YES;
				CLANG_ENABLE_OBJC_ARC = YES;
				CLANG_ENABLE_OBJC_WEAK = YES;
				CLANG_WARN_BLOCK_CAPTURE_AUTORELEASING = YES;
				CLANG_WARN_BOOL_CONVERSION = YES;
				CLANG_WARN_COMMA = YES;
				CLANG_WARN_CONSTANT_CONVERSION = YES;
				CLANG_WARN_DEPRECATED_OBJC_IMPLEMENTATIONS = YES;
				CLANG_WARN_DIRECT_OBJC_ISA_USAGE = YES_ERROR;
				CLANG_WARN_DOCUMENTATION_COMMENTS = YES;
				CLANG_WARN_EMPTY_BODY = YES;
				CLANG_WARN_ENUM_CONVERSION = YES;
				CLANG_WARN_INFINITE_RECURSION = YES;
				CLANG_WARN_INT_CONVERSION = YES;
				CLANG_WARN_NON_LITERAL_NULL_CONVERSION = YES;
				CLANG_WARN_OBJC_IMPLICIT_RETAIN_SELF = YES;
				CLANG_WARN_OBJC_LITERAL_CONVERSION = YES;
				CLANG_WARN_OBJC_ROOT_CLASS = YES_ERROR;
				CLANG_WARN_QUOTED_INCLUDE_IN_FRAMEWORK_HEADER = YES;
				CLANG_WARN_RANGE_LOOP_ANALYSIS = YES;
				CLANG_WARN_STRICT_PROTOTYPES = YES;
				CLANG_WARN_SUSPICIOUS_MOVE = YES;
				CLANG_WARN_UNGUARDED_AVAILABILITY = YES_AGGRESSIVE;
				CLANG_WARN_UNREACHABLE_CODE = YES;
				CLANG_WARN__DUPLICATE_METHOD_MATCH = YES;
				COPY_PHASE_STRIP = NO;
				DEBUG_INFORMATION_FORMAT = "dwarf-with-dsym";
				ENABLE_NS_ASSERTIONS = NO;
				ENABLE_STRICT_OBJC_MSGSEND = YES;
				GCC_C_LANGUAGE_STANDARD = gnu11;
				GCC_NO_COMMON_BLOCKS = YES;
				GCC_WARN_64_TO_32_BIT_CONVERSION = YES;
				GCC_WARN_ABOUT_RETURN_TYPE = YES_ERROR;
				GCC_WARN_UNDECLARED_SELECTOR = YES;
				GCC_WARN_UNINITIALIZED_AUTOS = YES_AGGRESSIVE;
				GCC_WARN_UNUSED_FUNCTION = YES;
				GCC_WARN_UNUSED_VARIABLE = YES;
				MTL_ENABLE_DEBUG_INFO = NO;
				MTL_FAST_MATH = YES;
				SWIFT_COMPILATION_MODE = wholemodule;
				SWIFT_OPTIMIZATION_LEVEL = "-O";
			};
			name = Release;
		};
		717EBBAB2872E134005364CF /* Debug */ = {
			isa = XCBuildConfiguration;
			buildSettings = {
				ASSETCATALOG_COMPILER_APPICON_NAME = AppIcon;
				ASSETCATALOG_COMPILER_GLOBAL_ACCENT_COLOR_NAME = AccentColor;
				CODE_SIGN_STYLE = Automatic;
				CURRENT_PROJECT_VERSION = 1;
				DEVELOPMENT_TEAM = P7XF7AVQX2;
				ENABLE_PREVIEWS = YES;
				GENERATE_INFOPLIST_FILE = YES;
				INFOPLIST_KEY_UIApplicationSceneManifest_Generation = YES;
				INFOPLIST_KEY_UIApplicationSupportsIndirectInputEvents = YES;
				INFOPLIST_KEY_UILaunchScreen_Generation = YES;
				INFOPLIST_KEY_UISupportedInterfaceOrientations = UIInterfaceOrientationPortrait;
				INFOPLIST_KEY_UISupportedInterfaceOrientations_iPad = "UIInterfaceOrientationPortrait UIInterfaceOrientationPortraitUpsideDown UIInterfaceOrientationLandscapeLeft UIInterfaceOrientationLandscapeRight";
				INFOPLIST_KEY_UISupportedInterfaceOrientations_iPhone = UIInterfaceOrientationPortrait;
				IPHONEOS_DEPLOYMENT_TARGET = 15.5;
				LD_RUNPATH_SEARCH_PATHS = (
					"$(inherited)",
					"@executable_path/Frameworks",
				);
				MARKETING_VERSION = 1.0;
				PRODUCT_BUNDLE_IDENTIFIER = "com.aldanisvigo.SwitftUI-Tutorial-Pinch-Gesture";
				PRODUCT_NAME = "SwitftUI Tutorial Pinch Gesture";
				SDKROOT = iphoneos;
				SWIFT_EMIT_LOC_STRINGS = YES;
				SWIFT_VERSION = 5.0;
				TARGETED_DEVICE_FAMILY = "1,2";
			};
			name = Debug;
		};
		717EBBAC2872E134005364CF /* Release */ = {
			isa = XCBuildConfiguration;
			buildSettings = {
				ASSETCATALOG_COMPILER_APPICON_NAME = AppIcon;
				ASSETCATALOG_COMPILER_GLOBAL_ACCENT_COLOR_NAME = AccentColor;
				CODE_SIGN_STYLE = Automatic;
				CURRENT_PROJECT_VERSION = 1;
				DEVELOPMENT_TEAM = P7XF7AVQX2;
				ENABLE_PREVIEWS = YES;
				GENERATE_INFOPLIST_FILE = YES;
				INFOPLIST_KEY_UIApplicationSceneManifest_Generation = YES;
				INFOPLIST_KEY_UIApplicationSupportsIndirectInputEvents = YES;
				INFOPLIST_KEY_UILaunchScreen_Generation = YES;
				INFOPLIST_KEY_UISupportedInterfaceOrientations = UIInterfaceOrientationPortrait;
				INFOPLIST_KEY_UISupportedInterfaceOrientations_iPad = "UIInterfaceOrientationPortrait UIInterfaceOrientationPortraitUpsideDown UIInterfaceOrientationLandscapeLeft UIInterfaceOrientationLandscapeRight";
				INFOPLIST_KEY_UISupportedInterfaceOrientations_iPhone = UIInterfaceOrientationPortrait;
				IPHONEOS_DEPLOYMENT_TARGET = 15.5;
				LD_RUNPATH_SEARCH_PATHS = (
					"$(inherited)",
					"@executable_path/Frameworks",
				);
				MARKETING_VERSION = 1.0;
				PRODUCT_BUNDLE_IDENTIFIER = "com.aldanisvigo.SwitftUI-Tutorial-Pinch-Gesture";
				PRODUCT_NAME = "SwitftUI Tutorial Pinch Gesture";
				SDKROOT = iphoneos;
				SWIFT_EMIT_LOC_STRINGS = YES;
				SWIFT_VERSION = 5.0;
				TARGETED_DEVICE_FAMILY = "1,2";
				VALIDATE_PRODUCT = YES;
			};
			name = Release;
		};
		717EBBAE2872E134005364CF /* Debug */ = {
			isa = XCBuildConfiguration;
			buildSettings = {
				ASSETCATALOG_COMPILER_APPICON_NAME = AppIcon;
				ASSETCATALOG_COMPILER_GLOBAL_ACCENT_COLOR_NAME = AccentColor;
				CODE_SIGN_ENTITLEMENTS = macOS/macOS.entitlements;
				CODE_SIGN_STYLE = Automatic;
				COMBINE_HIDPI_IMAGES = YES;
				CURRENT_PROJECT_VERSION = 1;
				DEVELOPMENT_TEAM = P7XF7AVQX2;
				ENABLE_HARDENED_RUNTIME = YES;
				ENABLE_PREVIEWS = YES;
				GENERATE_INFOPLIST_FILE = YES;
				INFOPLIST_KEY_NSHumanReadableCopyright = "";
				LD_RUNPATH_SEARCH_PATHS = (
					"$(inherited)",
					"@executable_path/../Frameworks",
				);
				MACOSX_DEPLOYMENT_TARGET = 12.3;
				MARKETING_VERSION = 1.0;
				PRODUCT_BUNDLE_IDENTIFIER = "com.aldanisvigo.SwitftUI-Tutorial-Pinch-Gesture";
				PRODUCT_NAME = "SwitftUI Tutorial Pinch Gesture";
				SDKROOT = macosx;
				SWIFT_EMIT_LOC_STRINGS = YES;
				SWIFT_VERSION = 5.0;
			};
			name = Debug;
		};
		717EBBAF2872E134005364CF /* Release */ = {
			isa = XCBuildConfiguration;
			buildSettings = {
				ASSETCATALOG_COMPILER_APPICON_NAME = AppIcon;
				ASSETCATALOG_COMPILER_GLOBAL_ACCENT_COLOR_NAME = AccentColor;
				CODE_SIGN_ENTITLEMENTS = macOS/macOS.entitlements;
				CODE_SIGN_STYLE = Automatic;
				COMBINE_HIDPI_IMAGES = YES;
				CURRENT_PROJECT_VERSION = 1;
				DEVELOPMENT_TEAM = P7XF7AVQX2;
				ENABLE_HARDENED_RUNTIME = YES;
				ENABLE_PREVIEWS = YES;
				GENERATE_INFOPLIST_FILE = YES;
				INFOPLIST_KEY_NSHumanReadableCopyright = "";
				LD_RUNPATH_SEARCH_PATHS = (
					"$(inherited)",
					"@executable_path/../Frameworks",
				);
				MACOSX_DEPLOYMENT_TARGET = 12.3;
				MARKETING_VERSION = 1.0;
				PRODUCT_BUNDLE_IDENTIFIER = "com.aldanisvigo.SwitftUI-Tutorial-Pinch-Gesture";
				PRODUCT_NAME = "SwitftUI Tutorial Pinch Gesture";
				SDKROOT = macosx;
				SWIFT_EMIT_LOC_STRINGS = YES;
				SWIFT_VERSION = 5.0;
			};
			name = Release;
		};
/* End XCBuildConfiguration section */

/* Begin XCConfigurationList section */
		717EBB902872E131005364CF /* Build configuration list for PBXProject "SwitftUI Tutorial Pinch Gesture" */ = {
			isa = XCConfigurationList;
			buildConfigurations = (
				717EBBA82872E134005364CF /* Debug */,
				717EBBA92872E134005364CF /* Release */,
			);
			defaultConfigurationIsVisible = 0;
			defaultConfigurationName = Release;
		};
		717EBBAA2872E134005364CF /* Build configuration list for PBXNativeTarget "SwitftUI Tutorial Pinch Gesture (iOS)" */ = {
			isa = XCConfigurationList;
			buildConfigurations = (
				717EBBAB2872E134005364CF /* Debug */,
				717EBBAC2872E134005364CF /* Release */,
			);
			defaultConfigurationIsVisible = 0;
			defaultConfigurationName = Release;
		};
		717EBBAD2872E134005364CF /* Build configuration list for PBXNativeTarget "SwitftUI Tutorial Pinch Gesture (macOS)" */ = {
			isa = XCConfigurationList;
			buildConfigurations = (
				717EBBAE2872E134005364CF /* Debug */,
				717EBBAF2872E134005364CF /* Release */,
			);
			defaultConfigurationIsVisible = 0;
			defaultConfigurationName = Release;
		};
/* End XCConfigurationList section */
	};
	rootObject = 717EBB8D2872E131005364CF /* Project object */;
}
